
Microsoft Visual Studio Solution File, Format Version 12.00
# Visual Studio Version 16
VisualStudioVersion = 16.0.31729.503
MinimumVisualStudioVersion = 10.0.40219.1
Project("{FAE04EC0-301F-11D3-BF4B-00C04F79EFBC}") = "task 6", "task 6\task 6.csproj", "{9275C8B3-9206-40BB-8103-F80CB91FD67C}"
EndProject
Global
	GlobalSection(SolutionConfigurationPlatforms) = preSolution
		Debug|Any CPU = Debug|Any CPU
		Release|Any CPU = Release|Any CPU
	EndGlobalSection
	GlobalSection(ProjectConfigurationPlatforms) = postSolution
		{9275C8B3-9206-40BB-8103-F80CB91FD67C}.Debug|Any CPU.ActiveCfg = Debug|Any CPU
		{9275C8B3-9206-40BB-8103-F80CB91FD67C}.Debug|Any CPU.Build.0 = Debug|Any CPU
		{9275C8B3-9206-40BB-8103-F80CB91FD67C}.Release|Any CPU.ActiveCfg = Release|Any CPU
		{9275C8B3-9206-40BB-8103-F80CB91FD67C}.Release|Any CPU.Build.0 = Release|Any CPU
	EndGlobalSection
	GlobalSection(SolutionProperties) = preSolution
		HideSolutionNode = FALSE
	EndGlobalSection
	GlobalSection(ExtensibilityGlobals) = postSolution
		SolutionGuid = {43453480-DD4E-413B-B1C9-FA4699C58851}
	EndGlobalSection
EndGlobal
