
Microsoft Visual Studio Solution File, Format Version 12.00
# Visual Studio Version 16
VisualStudioVersion = 16.0.31729.503
MinimumVisualStudioVersion = 10.0.40219.1
Project("{FAE04EC0-301F-11D3-BF4B-00C04F79EFBC}") = "lesson4 task 5", "lesson4 task 5\lesson4 task 5.csproj", "{2DDCE79F-F988-4EB8-9CBC-0B8EF51A0E47}"
EndProject
Global
	GlobalSection(SolutionConfigurationPlatforms) = preSolution
		Debug|Any CPU = Debug|Any CPU
		Release|Any CPU = Release|Any CPU
	EndGlobalSection
	GlobalSection(ProjectConfigurationPlatforms) = postSolution
		{2DDCE79F-F988-4EB8-9CBC-0B8EF51A0E47}.Debug|Any CPU.ActiveCfg = Debug|Any CPU
		{2DDCE79F-F988-4EB8-9CBC-0B8EF51A0E47}.Debug|Any CPU.Build.0 = Debug|Any CPU
		{2DDCE79F-F988-4EB8-9CBC-0B8EF51A0E47}.Release|Any CPU.ActiveCfg = Release|Any CPU
		{2DDCE79F-F988-4EB8-9CBC-0B8EF51A0E47}.Release|Any CPU.Build.0 = Release|Any CPU
	EndGlobalSection
	GlobalSection(SolutionProperties) = preSolution
		HideSolutionNode = FALSE
	EndGlobalSection
	GlobalSection(ExtensibilityGlobals) = postSolution
		SolutionGuid = {AA8C8C00-07ED-415F-8F23-DC978855486D}
	EndGlobalSection
EndGlobal
