
Microsoft Visual Studio Solution File, Format Version 12.00
# Visual Studio Version 16
VisualStudioVersion = 16.0.31729.503
MinimumVisualStudioVersion = 10.0.40219.1
Project("{FAE04EC0-301F-11D3-BF4B-00C04F79EFBC}") = "lesson4 task6", "lesson4 task6\lesson4 task6.csproj", "{2A718A7E-FA9E-4D3D-96EA-64D940BEB14F}"
EndProject
Global
	GlobalSection(SolutionConfigurationPlatforms) = preSolution
		Debug|Any CPU = Debug|Any CPU
		Release|Any CPU = Release|Any CPU
	EndGlobalSection
	GlobalSection(ProjectConfigurationPlatforms) = postSolution
		{2A718A7E-FA9E-4D3D-96EA-64D940BEB14F}.Debug|Any CPU.ActiveCfg = Debug|Any CPU
		{2A718A7E-FA9E-4D3D-96EA-64D940BEB14F}.Debug|Any CPU.Build.0 = Debug|Any CPU
		{2A718A7E-FA9E-4D3D-96EA-64D940BEB14F}.Release|Any CPU.ActiveCfg = Release|Any CPU
		{2A718A7E-FA9E-4D3D-96EA-64D940BEB14F}.Release|Any CPU.Build.0 = Release|Any CPU
	EndGlobalSection
	GlobalSection(SolutionProperties) = preSolution
		HideSolutionNode = FALSE
	EndGlobalSection
	GlobalSection(ExtensibilityGlobals) = postSolution
		SolutionGuid = {70252016-4FD3-4CFE-9338-E973BF473ABF}
	EndGlobalSection
EndGlobal
