
Microsoft Visual Studio Solution File, Format Version 12.00
# Visual Studio Version 16
VisualStudioVersion = 16.0.31729.503
MinimumVisualStudioVersion = 10.0.40219.1
Project("{FAE04EC0-301F-11D3-BF4B-00C04F79EFBC}") = "task 3", "task 3\task 3.csproj", "{08492F37-EE76-4C0F-95A9-BF0FFF014DD9}"
EndProject
Global
	GlobalSection(SolutionConfigurationPlatforms) = preSolution
		Debug|Any CPU = Debug|Any CPU
		Release|Any CPU = Release|Any CPU
	EndGlobalSection
	GlobalSection(ProjectConfigurationPlatforms) = postSolution
		{08492F37-EE76-4C0F-95A9-BF0FFF014DD9}.Debug|Any CPU.ActiveCfg = Debug|Any CPU
		{08492F37-EE76-4C0F-95A9-BF0FFF014DD9}.Debug|Any CPU.Build.0 = Debug|Any CPU
		{08492F37-EE76-4C0F-95A9-BF0FFF014DD9}.Release|Any CPU.ActiveCfg = Release|Any CPU
		{08492F37-EE76-4C0F-95A9-BF0FFF014DD9}.Release|Any CPU.Build.0 = Release|Any CPU
	EndGlobalSection
	GlobalSection(SolutionProperties) = preSolution
		HideSolutionNode = FALSE
	EndGlobalSection
	GlobalSection(ExtensibilityGlobals) = postSolution
		SolutionGuid = {5DDC56A2-2EDB-41C0-B8BE-34F60AD87F51}
	EndGlobalSection
EndGlobal
